
Microsoft Visual Studio Solution File, Format Version 12.00
# Visual Studio 15
VisualStudioVersion = 15.0.28307.1433
MinimumVisualStudioVersion = 10.0.40219.1
Project("{8BC9CEB8-8B4A-11D0-8D11-00A0C91BC942}") = "Mini_Golf", "Mini_Golf\Mini_Golf.vcxproj", "{417B6EC0-BC82-4CAE-B3C3-B1592C59589D}"
EndProject
Global
	GlobalSection(SolutionConfigurationPlatforms) = preSolution
		Debug|x64 = Debug|x64
		Debug|x86 = Debug|x86
		Release|x64 = Release|x64
		Release|x86 = Release|x86
	EndGlobalSection
	GlobalSection(ProjectConfigurationPlatforms) = postSolution
		{417B6EC0-BC82-4CAE-B3C3-B1592C59589D}.Debug|x64.ActiveCfg = Debug|x64
		{417B6EC0-BC82-4CAE-B3C3-B1592C59589D}.Debug|x64.Build.0 = Debug|x64
		{417B6EC0-BC82-4CAE-B3C3-B1592C59589D}.Debug|x86.ActiveCfg = Debug|Win32
		{417B6EC0-BC82-4CAE-B3C3-B1592C59589D}.Debug|x86.Build.0 = Debug|Win32
		{417B6EC0-BC82-4CAE-B3C3-B1592C59589D}.Release|x64.ActiveCfg = Release|x64
		{417B6EC0-BC82-4CAE-B3C3-B1592C59589D}.Release|x64.Build.0 = Release|x64
		{417B6EC0-BC82-4CAE-B3C3-B1592C59589D}.Release|x86.ActiveCfg = Release|Win32
		{417B6EC0-BC82-4CAE-B3C3-B1592C59589D}.Release|x86.Build.0 = Release|Win32
	EndGlobalSection
	GlobalSection(SolutionProperties) = preSolution
		HideSolutionNode = FALSE
	EndGlobalSection
	GlobalSection(ExtensibilityGlobals) = postSolution
		SolutionGuid = {F77CE553-D42D-4CD7-811C-5CE3D3563C1D}
	EndGlobalSection
EndGlobal
